{
  "version": 4,
  "terraform_version": "0.12.21",
  "serial": 7,
  "lineage": "ae69ecc3-9ad0-4f79-69cd-01c2b49c5b7e",
  "outputs": {},
  "resources": [
    {
      "module": "module.appservice_demo",
      "mode": "data",
      "type": "azurerm_app_service_plan",
      "name": "appserviceplan",
      "each": "list",
      "provider": "provider.azurerm",
      "instances": []
    },
    {
      "module": "module.appservice_demo",
      "mode": "data",
      "type": "azurerm_client_config",
      "name": "current",
      "provider": "provider.azurerm",
      "instances": [
        {
          "schema_version": 0,
          "attributes": {
            "client_id": "04b07795-8ddb-461a-bbee-02f9e1bf7b46",
            "id": "2020-06-02 19:06:18.731822 +0000 UTC",
            "object_id": "35af71c0-50b2-4ec1-bd39-56c83d254f4c",
            "subscription_id": "0de836dc-fea8-4805-b578-5d70b530d15e",
            "tenant_id": "49793faf-eb3f-4d99-a0cf-aef7cce79dc1",
            "timeouts": null
          }
        }
      ]
    },
    {
      "module": "module.appservice_demo",
      "mode": "data",
      "type": "azurerm_key_vault",
      "name": "kv",
      "each": "list",
      "provider": "provider.azurerm",
      "instances": []
    },
    {
      "module": "module.appservice_demo",
      "mode": "data",
      "type": "azurerm_resource_group",
      "name": "rg_info",
      "provider": "provider.azurerm",
      "instances": [
        {
          "schema_version": 0,
          "attributes": {
            "id": "/subscriptions/0de836dc-fea8-4805-b578-5d70b530d15e/resourceGroups/aa-aot-sais-nonprod-eastus-rg",
            "location": "eastus",
            "name": "aa-aot-sais-nonprod-eastus-rg",
            "tags": {
              "aa-app-id": "188020",
              "aa-application": "sais",
              "aa-costcenter": "0900/1894",
              "aa-location": "eastus",
              "aa-sdlc-environment": "nonprod",
              "aa-security": "reserved",
              "aa-vertical": "aot"
            },
            "timeouts": null
          }
        }
      ]
    },
    {
      "module": "module.storageaccount_demo",
      "mode": "data",
      "type": "azurerm_resource_group",
      "name": "rg_info",
      "each": "list",
      "provider": "provider.azurerm",
      "instances": [
        {
          "index_key": 0,
          "schema_version": 0,
          "attributes": {
            "id": "/subscriptions/0de836dc-fea8-4805-b578-5d70b530d15e/resourceGroups/aa-aot-sais-nonprod-eastus-rg",
            "location": "eastus",
            "name": "aa-aot-sais-nonprod-eastus-rg",
            "tags": {
              "aa-app-id": "188020",
              "aa-application": "sais",
              "aa-costcenter": "0900/1894",
              "aa-location": "eastus",
              "aa-sdlc-environment": "nonprod",
              "aa-security": "reserved",
              "aa-vertical": "aot"
            },
            "timeouts": null
          }
        }
      ]
    },
    {
      "module": "module.appservice_demo",
      "mode": "managed",
      "type": "azurerm_app_service",
      "name": "appservice",
      "each": "map",
      "provider": "provider.azurerm",
      "instances": [
        {
          "index_key": "appservice-1",
          "schema_version": 0,
          "attributes": {
            "app_service_plan_id": "/subscriptions/0de836dc-fea8-4805-b578-5d70b530d15e/resourceGroups/aa-aot-sais-nonprod-eastus-rg/providers/Microsoft.Web/serverfarms/appserv-chai-plan",
            "app_settings": {},
            "auth_settings": [
              {
                "active_directory": [],
                "additional_login_params": {},
                "allowed_external_redirect_urls": [],
                "default_provider": "",
                "enabled": false,
                "facebook": [],
                "google": [],
                "issuer": "",
                "microsoft": [],
                "runtime_version": "",
                "token_refresh_extension_hours": 0,
                "token_store_enabled": false,
                "twitter": [],
                "unauthenticated_client_action": ""
              }
            ],
            "backup": [],
            "client_affinity_enabled": true,
            "client_cert_enabled": false,
            "connection_string": [],
            "default_site_hostname": "appserv-chai-1.azurewebsites.net",
            "enabled": true,
            "https_only": false,
            "id": "/subscriptions/0de836dc-fea8-4805-b578-5d70b530d15e/resourceGroups/aa-aot-sais-nonprod-eastus-rg/providers/Microsoft.Web/sites/appserv-chai-1",
            "identity": [
              {
                "identity_ids": null,
                "principal_id": "a5ea2791-a855-42c4-bd62-98b9f4e4da08",
                "tenant_id": "49793faf-eb3f-4d99-a0cf-aef7cce79dc1",
                "type": "SystemAssigned"
              }
            ],
            "location": "eastus",
            "logs": [
              {
                "application_logs": [
                  {
                    "azure_blob_storage": []
                  }
                ],
                "http_logs": [
                  {
                    "azure_blob_storage": [],
                    "file_system": []
                  }
                ]
              }
            ],
            "name": "appserv-chai-1",
            "outbound_ip_addresses": "40.71.11.140,40.121.154.115,13.82.228.43,40.121.158.167,40.117.44.182",
            "possible_outbound_ip_addresses": "40.71.11.140,40.121.154.115,13.82.228.43,40.121.158.167,40.117.44.182,168.61.50.107,40.121.80.139,40.117.44.94,23.96.53.166,40.121.152.91",
            "resource_group_name": "aa-aot-sais-nonprod-eastus-rg",
            "site_config": [
              {
                "always_on": false,
                "app_command_line": "",
                "auto_swap_slot_name": "",
                "cors": [],
                "default_documents": [
                  "Default.htm",
                  "Default.html",
                  "Default.asp",
                  "index.htm",
                  "index.html",
                  "iisstart.htm",
                  "default.aspx",
                  "index.php",
                  "hostingstart.html"
                ],
                "dotnet_framework_version": "v4.0",
                "ftps_state": "AllAllowed",
                "http2_enabled": false,
                "ip_restriction": [],
                "java_container": "",
                "java_container_version": "",
                "java_version": "",
                "linux_fx_version": "",
                "local_mysql_enabled": false,
                "managed_pipeline_mode": "Integrated",
                "min_tls_version": "1.2",
                "php_version": "",
                "python_version": "",
                "remote_debugging_enabled": false,
                "remote_debugging_version": "",
                "scm_type": "None",
                "use_32_bit_worker_process": true,
                "websockets_enabled": false,
                "windows_fx_version": ""
              }
            ],
            "site_credential": [
              {
                "password": "tpXpm5uD6g1KL6bsvJMWtHzaXkHom2DzTLAJkymPtgmpc9RYM5uwjsZgyFZv",
                "username": "$appserv-chai-1"
              }
            ],
            "source_control": [
              {
                "branch": "master",
                "repo_url": ""
              }
            ],
            "storage_account": [],
            "tags": {
              "aa-app-id": "188020",
              "aa-application": "sais",
              "aa-costcenter": "0900/1894",
              "aa-location": "eastus",
              "aa-sdlc-environment": "nonprod",
              "aa-security": "reserved",
              "aa-vertical": "aot"
            },
            "timeouts": null
          },
          "private": "eyJlMmJmYjczMC1lY2FhLTExZTYtOGY4OC0zNDM2M2JjN2M0YzAiOnsiY3JlYXRlIjoxODAwMDAwMDAwMDAwLCJkZWxldGUiOjE4MDAwMDAwMDAwMDAsInJlYWQiOjMwMDAwMDAwMDAwMCwidXBkYXRlIjoxODAwMDAwMDAwMDAwfX0=",
          "dependencies": [
            "module.appservice_demo.azurerm_app_service_plan.appsrvplan"
          ]
        },
        {
          "index_key": "appservice-2",
          "schema_version": 0,
          "attributes": {
            "app_service_plan_id": "/subscriptions/0de836dc-fea8-4805-b578-5d70b530d15e/resourceGroups/aa-aot-sais-nonprod-eastus-rg/providers/Microsoft.Web/serverfarms/appserv-chai-plan",
            "app_settings": {},
            "auth_settings": [
              {
                "active_directory": [],
                "additional_login_params": {},
                "allowed_external_redirect_urls": [],
                "default_provider": "",
                "enabled": false,
                "facebook": [],
                "google": [],
                "issuer": "",
                "microsoft": [],
                "runtime_version": "",
                "token_refresh_extension_hours": 0,
                "token_store_enabled": false,
                "twitter": [],
                "unauthenticated_client_action": ""
              }
            ],
            "backup": [],
            "client_affinity_enabled": true,
            "client_cert_enabled": false,
            "connection_string": [],
            "default_site_hostname": "appserv-chai-2.azurewebsites.net",
            "enabled": true,
            "https_only": false,
            "id": "/subscriptions/0de836dc-fea8-4805-b578-5d70b530d15e/resourceGroups/aa-aot-sais-nonprod-eastus-rg/providers/Microsoft.Web/sites/appserv-chai-2",
            "identity": [
              {
                "identity_ids": null,
                "principal_id": "868d6918-c8c5-4cb8-9f34-b19f18cb3feb",
                "tenant_id": "49793faf-eb3f-4d99-a0cf-aef7cce79dc1",
                "type": "SystemAssigned"
              }
            ],
            "location": "eastus",
            "logs": [
              {
                "application_logs": [
                  {
                    "azure_blob_storage": []
                  }
                ],
                "http_logs": [
                  {
                    "azure_blob_storage": [],
                    "file_system": []
                  }
                ]
              }
            ],
            "name": "appserv-chai-2",
            "outbound_ip_addresses": "40.71.11.140,40.121.154.115,13.82.228.43,40.121.158.167,40.117.44.182",
            "possible_outbound_ip_addresses": "40.71.11.140,40.121.154.115,13.82.228.43,40.121.158.167,40.117.44.182,168.61.50.107,40.121.80.139,40.117.44.94,23.96.53.166,40.121.152.91",
            "resource_group_name": "aa-aot-sais-nonprod-eastus-rg",
            "site_config": [
              {
                "always_on": false,
                "app_command_line": "",
                "auto_swap_slot_name": "",
                "cors": [],
                "default_documents": [
                  "Default.htm",
                  "Default.html",
                  "Default.asp",
                  "index.htm",
                  "index.html",
                  "iisstart.htm",
                  "default.aspx",
                  "index.php",
                  "hostingstart.html"
                ],
                "dotnet_framework_version": "v4.0",
                "ftps_state": "AllAllowed",
                "http2_enabled": false,
                "ip_restriction": [],
                "java_container": "",
                "java_container_version": "",
                "java_version": "",
                "linux_fx_version": "",
                "local_mysql_enabled": false,
                "managed_pipeline_mode": "Integrated",
                "min_tls_version": "1.2",
                "php_version": "",
                "python_version": "",
                "remote_debugging_enabled": false,
                "remote_debugging_version": "",
                "scm_type": "None",
                "use_32_bit_worker_process": true,
                "websockets_enabled": false,
                "windows_fx_version": ""
              }
            ],
            "site_credential": [
              {
                "password": "CvzMe0SEm0hmzuFssAR1h22mseJwKmTpruT8t3SKd57kd0szorabBs9xrtW8",
                "username": "$appserv-chai-2"
              }
            ],
            "source_control": [
              {
                "branch": "master",
                "repo_url": ""
              }
            ],
            "storage_account": [],
            "tags": {
              "aa-app-id": "188020",
              "aa-application": "sais",
              "aa-costcenter": "0900/1894",
              "aa-location": "eastus",
              "aa-sdlc-environment": "nonprod",
              "aa-security": "reserved",
              "aa-vertical": "aot"
            },
            "timeouts": null
          },
          "private": "eyJlMmJmYjczMC1lY2FhLTExZTYtOGY4OC0zNDM2M2JjN2M0YzAiOnsiY3JlYXRlIjoxODAwMDAwMDAwMDAwLCJkZWxldGUiOjE4MDAwMDAwMDAwMDAsInJlYWQiOjMwMDAwMDAwMDAwMCwidXBkYXRlIjoxODAwMDAwMDAwMDAwfX0=",
          "dependencies": [
            "module.appservice_demo.azurerm_app_service_plan.appsrvplan"
          ]
        }
      ]
    },
    {
      "module": "module.appservice_demo",
      "mode": "managed",
      "type": "azurerm_app_service_plan",
      "name": "appsrvplan",
      "each": "list",
      "provider": "provider.azurerm",
      "instances": [
        {
          "index_key": 0,
          "schema_version": 0,
          "attributes": {
            "app_service_environment_id": "",
            "id": "/subscriptions/0de836dc-fea8-4805-b578-5d70b530d15e/resourceGroups/aa-aot-sais-nonprod-eastus-rg/providers/Microsoft.Web/serverfarms/appserv-chai-plan",
            "is_xenon": false,
            "kind": "linux",
            "location": "eastus",
            "maximum_elastic_worker_count": 1,
            "maximum_number_of_workers": 10,
            "name": "appserv-chai-plan",
            "per_site_scaling": false,
            "reserved": true,
            "resource_group_name": "aa-aot-sais-nonprod-eastus-rg",
            "sku": [
              {
                "capacity": 1,
                "size": "S1",
                "tier": "Standard"
              }
            ],
            "tags": {
              "aa-app-id": "188020",
              "aa-application": "sais",
              "aa-costcenter": "0900/1894",
              "aa-location": "eastus",
              "aa-sdlc-environment": "nonprod",
              "aa-security": "reserved",
              "aa-vertical": "aot"
            },
            "timeouts": null
          },
          "private": "eyJlMmJmYjczMC1lY2FhLTExZTYtOGY4OC0zNDM2M2JjN2M0YzAiOnsiY3JlYXRlIjozNjAwMDAwMDAwMDAwLCJkZWxldGUiOjM2MDAwMDAwMDAwMDAsInJlYWQiOjMwMDAwMDAwMDAwMCwidXBkYXRlIjozNjAwMDAwMDAwMDAwfX0="
        }
      ]
    },
    {
      "module": "module.appservice_demo",
      "mode": "managed",
      "type": "azurerm_app_service_slot",
      "name": "appservice_slot",
      "each": "map",
      "provider": "provider.azurerm",
      "instances": []
    },
    {
      "module": "module.appservice_demo",
      "mode": "managed",
      "type": "azurerm_key_vault_access_policy",
      "name": "azaccesspolicy",
      "each": "list",
      "provider": "provider.azurerm",
      "instances": []
    },
    {
      "module": "module.storageaccount_demo",
      "mode": "managed",
      "type": "azurerm_storage_account",
      "name": "azstorageacc",
      "each": "list",
      "provider": "provider.azurerm",
      "instances": [
        {
          "index_key": 0,
          "schema_version": 2,
          "attributes": {
            "access_tier": "Hot",
            "account_kind": "StorageV2",
            "account_replication_type": "GRS",
            "account_tier": "Standard",
            "blob_properties": [],
            "custom_domain": [],
            "enable_https_traffic_only": true,
            "id": "/subscriptions/0de836dc-fea8-4805-b578-5d70b530d15e/resourceGroups/aa-aot-sais-nonprod-eastus-rg/providers/Microsoft.Storage/storageAccounts/storageaccountnamedemo",
            "identity": [
              {
                "principal_id": "9ebc3837-19e3-4ac6-96e3-4f2b08d14461",
                "tenant_id": "49793faf-eb3f-4d99-a0cf-aef7cce79dc1",
                "type": "SystemAssigned"
              }
            ],
            "is_hns_enabled": false,
            "location": "eastus",
            "name": "storageaccountnamedemo",
            "network_rules": [
              {
                "bypass": [
                  "AzureServices"
                ],
                "default_action": "Allow",
                "ip_rules": [],
                "virtual_network_subnet_ids": []
              }
            ],
            "primary_access_key": "1nbenKk7ZEknieK8Fmctc4RouHjBNlnTX59tguMQiHgyg0qpcbY5m0HUYv05J0RVpEMQOsfA9irNGNNi3Bqw8g==",
            "primary_blob_connection_string": "DefaultEndpointsProtocol=https;BlobEndpoint=https://storageaccountnamedemo.blob.core.windows.net/;AccountName=storageaccountnamedemo;AccountKey=1nbenKk7ZEknieK8Fmctc4RouHjBNlnTX59tguMQiHgyg0qpcbY5m0HUYv05J0RVpEMQOsfA9irNGNNi3Bqw8g==",
            "primary_blob_endpoint": "https://storageaccountnamedemo.blob.core.windows.net/",
            "primary_blob_host": "storageaccountnamedemo.blob.core.windows.net",
            "primary_connection_string": "DefaultEndpointsProtocol=https;AccountName=storageaccountnamedemo;AccountKey=1nbenKk7ZEknieK8Fmctc4RouHjBNlnTX59tguMQiHgyg0qpcbY5m0HUYv05J0RVpEMQOsfA9irNGNNi3Bqw8g==;EndpointSuffix=core.windows.net",
            "primary_dfs_endpoint": "https://storageaccountnamedemo.dfs.core.windows.net/",
            "primary_dfs_host": "storageaccountnamedemo.dfs.core.windows.net",
            "primary_file_endpoint": "https://storageaccountnamedemo.file.core.windows.net/",
            "primary_file_host": "storageaccountnamedemo.file.core.windows.net",
            "primary_location": "eastus",
            "primary_queue_endpoint": "https://storageaccountnamedemo.queue.core.windows.net/",
            "primary_queue_host": "storageaccountnamedemo.queue.core.windows.net",
            "primary_table_endpoint": "https://storageaccountnamedemo.table.core.windows.net/",
            "primary_table_host": "storageaccountnamedemo.table.core.windows.net",
            "primary_web_endpoint": "https://storageaccountnamedemo.z13.web.core.windows.net/",
            "primary_web_host": "storageaccountnamedemo.z13.web.core.windows.net",
            "queue_properties": [
              {
                "cors_rule": [],
                "hour_metrics": [
                  {
                    "enabled": true,
                    "include_apis": true,
                    "retention_policy_days": 7,
                    "version": "1.0"
                  }
                ],
                "logging": [
                  {
                    "delete": false,
                    "read": false,
                    "retention_policy_days": 0,
                    "version": "1.0",
                    "write": false
                  }
                ],
                "minute_metrics": [
                  {
                    "enabled": false,
                    "include_apis": false,
                    "retention_policy_days": 0,
                    "version": "1.0"
                  }
                ]
              }
            ],
            "resource_group_name": "aa-aot-sais-nonprod-eastus-rg",
            "secondary_access_key": "99KPDaHhBDqjD5d7/wJMp03tD6YIR7v1Pmlrhw0tYPFmLI5Uc8ltIpQbTFm3c7jpGPc8TENXED+2dQVdghuSPg==",
            "secondary_blob_connection_string": "",
            "secondary_blob_endpoint": null,
            "secondary_blob_host": null,
            "secondary_connection_string": "DefaultEndpointsProtocol=https;AccountName=storageaccountnamedemo;AccountKey=99KPDaHhBDqjD5d7/wJMp03tD6YIR7v1Pmlrhw0tYPFmLI5Uc8ltIpQbTFm3c7jpGPc8TENXED+2dQVdghuSPg==;EndpointSuffix=core.windows.net",
            "secondary_dfs_endpoint": null,
            "secondary_dfs_host": null,
            "secondary_file_endpoint": null,
            "secondary_file_host": null,
            "secondary_location": "westus",
            "secondary_queue_endpoint": null,
            "secondary_queue_host": null,
            "secondary_table_endpoint": null,
            "secondary_table_host": null,
            "secondary_web_endpoint": null,
            "secondary_web_host": null,
            "static_website": [],
            "tags": {
              "aa-app-id": "188020",
              "aa-application": "sais",
              "aa-costcenter": "0900/1894",
              "aa-sdlc-environment": "nonprod",
              "aa-security": "reserved",
              "aa-vertical": "aot"
            },
            "timeouts": null
          },
          "private": "eyJlMmJmYjczMC1lY2FhLTExZTYtOGY4OC0zNDM2M2JjN2M0YzAiOnsiY3JlYXRlIjozNjAwMDAwMDAwMDAwLCJkZWxldGUiOjM2MDAwMDAwMDAwMDAsInJlYWQiOjMwMDAwMDAwMDAwMCwidXBkYXRlIjozNjAwMDAwMDAwMDAwfSwic2NoZW1hX3ZlcnNpb24iOiIyIn0="
        }
      ]
    },
    {
      "module": "module.storageaccount_demo",
      "mode": "managed",
      "type": "azurerm_storage_container",
      "name": "storagecontainer",
      "each": "map",
      "provider": "provider.azurerm",
      "instances": [
        {
          "index_key": "container1",
          "schema_version": 1,
          "attributes": {
            "container_access_type": "container",
            "has_immutability_policy": false,
            "has_legal_hold": false,
            "id": "https://storageaccountnamedemo.blob.core.windows.net/democontainer1",
            "metadata": {},
            "name": "democontainer1",
            "storage_account_name": "storageaccountnamedemo",
            "timeouts": null
          },
          "private": "eyJlMmJmYjczMC1lY2FhLTExZTYtOGY4OC0zNDM2M2JjN2M0YzAiOnsiY3JlYXRlIjoxODAwMDAwMDAwMDAwLCJkZWxldGUiOjE4MDAwMDAwMDAwMDAsInJlYWQiOjMwMDAwMDAwMDAwMCwidXBkYXRlIjoxODAwMDAwMDAwMDAwfSwic2NoZW1hX3ZlcnNpb24iOiIxIn0=",
          "dependencies": [
            "module.storageaccount_demo.azurerm_storage_account.azstorageacc"
          ]
        },
        {
          "index_key": "container2",
          "schema_version": 1,
          "attributes": {
            "container_access_type": "container",
            "has_immutability_policy": false,
            "has_legal_hold": false,
            "id": "https://storageaccountnamedemo.blob.core.windows.net/democontainer2",
            "metadata": {},
            "name": "democontainer2",
            "storage_account_name": "storageaccountnamedemo",
            "timeouts": null
          },
          "private": "eyJlMmJmYjczMC1lY2FhLTExZTYtOGY4OC0zNDM2M2JjN2M0YzAiOnsiY3JlYXRlIjoxODAwMDAwMDAwMDAwLCJkZWxldGUiOjE4MDAwMDAwMDAwMDAsInJlYWQiOjMwMDAwMDAwMDAwMCwidXBkYXRlIjoxODAwMDAwMDAwMDAwfSwic2NoZW1hX3ZlcnNpb24iOiIxIn0=",
          "dependencies": [
            "module.storageaccount_demo.azurerm_storage_account.azstorageacc"
          ]
        }
      ]
    }
  ]
}
