{
  "version": 4,
  "terraform_version": "0.12.21",
  "serial": 5,
  "lineage": "54420ace-7e35-7708-3700-19155c103368",
  "outputs": {},
  "resources": [
    {
      "module": "module.appservice-mod",
      "mode": "data",
      "type": "azurerm_app_service_plan",
      "name": "appserviceplan",
      "each": "list",
      "provider": "provider.azurerm",
      "instances": []
    },
    {
      "module": "module.appservice-mod",
      "mode": "data",
      "type": "azurerm_client_config",
      "name": "current",
      "provider": "provider.azurerm",
      "instances": [
        {
          "schema_version": 0,
          "attributes": {
            "client_id": "04b07795-8ddb-461a-bbee-02f9e1bf7b46",
            "id": "2020-05-28 20:17:54.102412 +0000 UTC",
            "object_id": "35af71c0-50b2-4ec1-bd39-56c83d254f4c",
            "subscription_id": "0de836dc-fea8-4805-b578-5d70b530d15e",
            "tenant_id": "49793faf-eb3f-4d99-a0cf-aef7cce79dc1",
            "timeouts": null
          }
        }
      ]
    },
    {
      "module": "module.appservice-mod",
      "mode": "data",
      "type": "azurerm_key_vault",
      "name": "kv",
      "each": "list",
      "provider": "provider.azurerm",
      "instances": []
    },
    {
      "module": "module.appservice-mod",
      "mode": "data",
      "type": "azurerm_resource_group",
      "name": "rg_info",
      "provider": "provider.azurerm",
      "instances": [
        {
          "schema_version": 0,
          "attributes": {
            "id": "/subscriptions/0de836dc-fea8-4805-b578-5d70b530d15e/resourceGroups/aa-aot-sais-nonprod-eastus-rg",
            "location": "eastus",
            "name": "aa-aot-sais-nonprod-eastus-rg",
            "tags": {
              "aa-app-id": "188020",
              "aa-application": "sais",
              "aa-costcenter": "0900/1894",
              "aa-location": "eastus",
              "aa-sdlc-environment": "nonprod",
              "aa-security": "reserved",
              "aa-vertical": "aot"
            },
            "timeouts": null
          }
        }
      ]
    },
    {
      "module": "module.appservice-mod",
      "mode": "managed",
      "type": "azurerm_app_service",
      "name": "appservice",
      "each": "map",
      "provider": "provider.azurerm",
      "instances": [
        {
          "index_key": "appservice-1",
          "schema_version": 0,
          "attributes": {
            "app_service_plan_id": "/subscriptions/0de836dc-fea8-4805-b578-5d70b530d15e/resourceGroups/aa-aot-sais-nonprod-eastus-rg/providers/Microsoft.Web/serverfarms/appserv-chai-plan",
            "app_settings": {},
            "auth_settings": [
              {
                "active_directory": [],
                "additional_login_params": {},
                "allowed_external_redirect_urls": [],
                "default_provider": "",
                "enabled": false,
                "facebook": [],
                "google": [],
                "issuer": "",
                "microsoft": [],
                "runtime_version": "",
                "token_refresh_extension_hours": 0,
                "token_store_enabled": false,
                "twitter": [],
                "unauthenticated_client_action": ""
              }
            ],
            "backup": [],
            "client_affinity_enabled": true,
            "client_cert_enabled": false,
            "connection_string": [],
            "default_site_hostname": "appserv-chai-1.azurewebsites.net",
            "enabled": true,
            "https_only": false,
            "id": "/subscriptions/0de836dc-fea8-4805-b578-5d70b530d15e/resourceGroups/aa-aot-sais-nonprod-eastus-rg/providers/Microsoft.Web/sites/appserv-chai-1",
            "identity": [
              {
                "identity_ids": null,
                "principal_id": "3590d425-813a-469c-ae8e-9019b1820ee7",
                "tenant_id": "49793faf-eb3f-4d99-a0cf-aef7cce79dc1",
                "type": "SystemAssigned"
              }
            ],
            "location": "eastus",
            "logs": [
              {
                "application_logs": [
                  {
                    "azure_blob_storage": []
                  }
                ],
                "http_logs": [
                  {
                    "azure_blob_storage": [],
                    "file_system": []
                  }
                ]
              }
            ],
            "name": "appserv-chai-1",
            "outbound_ip_addresses": "40.71.11.140,40.121.154.115,13.82.228.43,40.121.158.167,40.117.44.182",
            "possible_outbound_ip_addresses": "40.71.11.140,40.121.154.115,13.82.228.43,40.121.158.167,40.117.44.182,168.61.50.107,40.121.80.139,40.117.44.94,23.96.53.166,40.121.152.91",
            "resource_group_name": "aa-aot-sais-nonprod-eastus-rg",
            "site_config": [
              {
                "always_on": false,
                "app_command_line": "",
                "auto_swap_slot_name": "",
                "cors": [],
                "default_documents": [
                  "Default.htm",
                  "Default.html",
                  "Default.asp",
                  "index.htm",
                  "index.html",
                  "iisstart.htm",
                  "default.aspx",
                  "index.php",
                  "hostingstart.html"
                ],
                "dotnet_framework_version": "v4.0",
                "ftps_state": "AllAllowed",
                "http2_enabled": false,
                "ip_restriction": [],
                "java_container": "",
                "java_container_version": "",
                "java_version": "",
                "linux_fx_version": "",
                "local_mysql_enabled": false,
                "managed_pipeline_mode": "Integrated",
                "min_tls_version": "1.2",
                "php_version": "",
                "python_version": "",
                "remote_debugging_enabled": false,
                "remote_debugging_version": "",
                "scm_type": "None",
                "use_32_bit_worker_process": true,
                "websockets_enabled": false,
                "windows_fx_version": ""
              }
            ],
            "site_credential": [
              {
                "password": "hJenomaQ5QWdf8fCpk4ifZC0gCEh3ANdBxi1F9DgGCAk81AmEi9jguXgWTEf",
                "username": "$appserv-chai-1"
              }
            ],
            "source_control": [
              {
                "branch": "master",
                "repo_url": ""
              }
            ],
            "storage_account": [],
            "tags": {
              "aa-app-id": "188020",
              "aa-application": "sais",
              "aa-costcenter": "0900/1894",
              "aa-sdlc-environment": "nonprod",
              "aa-security": "reserved",
              "aa-vertical": "aot"
            },
            "timeouts": null
          },
          "private": "eyJlMmJmYjczMC1lY2FhLTExZTYtOGY4OC0zNDM2M2JjN2M0YzAiOnsiY3JlYXRlIjoxODAwMDAwMDAwMDAwLCJkZWxldGUiOjE4MDAwMDAwMDAwMDAsInJlYWQiOjMwMDAwMDAwMDAwMCwidXBkYXRlIjoxODAwMDAwMDAwMDAwfX0=",
          "dependencies": [
            "module.appservice-mod.azurerm_app_service_plan.appsrvplan"
          ]
        },
        {
          "index_key": "appservice-2",
          "schema_version": 0,
          "attributes": {
            "app_service_plan_id": "/subscriptions/0de836dc-fea8-4805-b578-5d70b530d15e/resourceGroups/aa-aot-sais-nonprod-eastus-rg/providers/Microsoft.Web/serverfarms/appserv-chai-plan",
            "app_settings": {},
            "auth_settings": [
              {
                "active_directory": [],
                "additional_login_params": {},
                "allowed_external_redirect_urls": [],
                "default_provider": "",
                "enabled": false,
                "facebook": [],
                "google": [],
                "issuer": "",
                "microsoft": [],
                "runtime_version": "",
                "token_refresh_extension_hours": 0,
                "token_store_enabled": false,
                "twitter": [],
                "unauthenticated_client_action": ""
              }
            ],
            "backup": [],
            "client_affinity_enabled": true,
            "client_cert_enabled": false,
            "connection_string": [],
            "default_site_hostname": "appserv-chai-2.azurewebsites.net",
            "enabled": true,
            "https_only": false,
            "id": "/subscriptions/0de836dc-fea8-4805-b578-5d70b530d15e/resourceGroups/aa-aot-sais-nonprod-eastus-rg/providers/Microsoft.Web/sites/appserv-chai-2",
            "identity": [
              {
                "identity_ids": null,
                "principal_id": "e2234ef0-a7f6-45cd-baf5-a464aab175cd",
                "tenant_id": "49793faf-eb3f-4d99-a0cf-aef7cce79dc1",
                "type": "SystemAssigned"
              }
            ],
            "location": "eastus",
            "logs": [
              {
                "application_logs": [
                  {
                    "azure_blob_storage": []
                  }
                ],
                "http_logs": [
                  {
                    "azure_blob_storage": [],
                    "file_system": []
                  }
                ]
              }
            ],
            "name": "appserv-chai-2",
            "outbound_ip_addresses": "40.71.11.140,40.121.154.115,13.82.228.43,40.121.158.167,40.117.44.182",
            "possible_outbound_ip_addresses": "40.71.11.140,40.121.154.115,13.82.228.43,40.121.158.167,40.117.44.182,168.61.50.107,40.121.80.139,40.117.44.94,23.96.53.166,40.121.152.91",
            "resource_group_name": "aa-aot-sais-nonprod-eastus-rg",
            "site_config": [
              {
                "always_on": false,
                "app_command_line": "",
                "auto_swap_slot_name": "",
                "cors": [],
                "default_documents": [
                  "Default.htm",
                  "Default.html",
                  "Default.asp",
                  "index.htm",
                  "index.html",
                  "iisstart.htm",
                  "default.aspx",
                  "index.php",
                  "hostingstart.html"
                ],
                "dotnet_framework_version": "v4.0",
                "ftps_state": "AllAllowed",
                "http2_enabled": false,
                "ip_restriction": [],
                "java_container": "",
                "java_container_version": "",
                "java_version": "",
                "linux_fx_version": "",
                "local_mysql_enabled": false,
                "managed_pipeline_mode": "Integrated",
                "min_tls_version": "1.2",
                "php_version": "",
                "python_version": "",
                "remote_debugging_enabled": false,
                "remote_debugging_version": "",
                "scm_type": "None",
                "use_32_bit_worker_process": true,
                "websockets_enabled": false,
                "windows_fx_version": ""
              }
            ],
            "site_credential": [
              {
                "password": "Xfzeg0L7Zwqk4uS939FT2TMomCY22pRAq5qrpHnWAxjl2LpaG8Q5QkY9QDoP",
                "username": "$appserv-chai-2"
              }
            ],
            "source_control": [
              {
                "branch": "master",
                "repo_url": ""
              }
            ],
            "storage_account": [],
            "tags": {
              "aa-app-id": "188020",
              "aa-application": "sais",
              "aa-costcenter": "0900/1894",
              "aa-sdlc-environment": "nonprod",
              "aa-security": "reserved",
              "aa-vertical": "aot"
            },
            "timeouts": null
          },
          "private": "eyJlMmJmYjczMC1lY2FhLTExZTYtOGY4OC0zNDM2M2JjN2M0YzAiOnsiY3JlYXRlIjoxODAwMDAwMDAwMDAwLCJkZWxldGUiOjE4MDAwMDAwMDAwMDAsInJlYWQiOjMwMDAwMDAwMDAwMCwidXBkYXRlIjoxODAwMDAwMDAwMDAwfX0=",
          "dependencies": [
            "module.appservice-mod.azurerm_app_service_plan.appsrvplan"
          ]
        },
        {
          "index_key": "appservice-3",
          "schema_version": 0,
          "attributes": {
            "app_service_plan_id": "/subscriptions/0de836dc-fea8-4805-b578-5d70b530d15e/resourceGroups/aa-aot-sais-nonprod-eastus-rg/providers/Microsoft.Web/serverfarms/appserv-chai-plan",
            "app_settings": {},
            "auth_settings": [
              {
                "active_directory": [],
                "additional_login_params": {},
                "allowed_external_redirect_urls": [],
                "default_provider": "",
                "enabled": false,
                "facebook": [],
                "google": [],
                "issuer": "",
                "microsoft": [],
                "runtime_version": "",
                "token_refresh_extension_hours": 0,
                "token_store_enabled": false,
                "twitter": [],
                "unauthenticated_client_action": ""
              }
            ],
            "backup": [],
            "client_affinity_enabled": true,
            "client_cert_enabled": false,
            "connection_string": [],
            "default_site_hostname": "appserv-chai-3.azurewebsites.net",
            "enabled": true,
            "https_only": false,
            "id": "/subscriptions/0de836dc-fea8-4805-b578-5d70b530d15e/resourceGroups/aa-aot-sais-nonprod-eastus-rg/providers/Microsoft.Web/sites/appserv-chai-3",
            "identity": [
              {
                "identity_ids": null,
                "principal_id": "69d2e609-d43d-4e06-91d9-a4f226914b43",
                "tenant_id": "49793faf-eb3f-4d99-a0cf-aef7cce79dc1",
                "type": "SystemAssigned"
              }
            ],
            "location": "eastus",
            "logs": [
              {
                "application_logs": [
                  {
                    "azure_blob_storage": []
                  }
                ],
                "http_logs": [
                  {
                    "azure_blob_storage": [],
                    "file_system": []
                  }
                ]
              }
            ],
            "name": "appserv-chai-3",
            "outbound_ip_addresses": "40.71.11.140,40.121.154.115,13.82.228.43,40.121.158.167,40.117.44.182",
            "possible_outbound_ip_addresses": "40.71.11.140,40.121.154.115,13.82.228.43,40.121.158.167,40.117.44.182,168.61.50.107,40.121.80.139,40.117.44.94,23.96.53.166,40.121.152.91",
            "resource_group_name": "aa-aot-sais-nonprod-eastus-rg",
            "site_config": [
              {
                "always_on": false,
                "app_command_line": "",
                "auto_swap_slot_name": "",
                "cors": [],
                "default_documents": [
                  "Default.htm",
                  "Default.html",
                  "Default.asp",
                  "index.htm",
                  "index.html",
                  "iisstart.htm",
                  "default.aspx",
                  "index.php",
                  "hostingstart.html"
                ],
                "dotnet_framework_version": "v4.0",
                "ftps_state": "AllAllowed",
                "http2_enabled": false,
                "ip_restriction": [],
                "java_container": "",
                "java_container_version": "",
                "java_version": "",
                "linux_fx_version": "",
                "local_mysql_enabled": false,
                "managed_pipeline_mode": "Integrated",
                "min_tls_version": "1.2",
                "php_version": "",
                "python_version": "",
                "remote_debugging_enabled": false,
                "remote_debugging_version": "",
                "scm_type": "None",
                "use_32_bit_worker_process": true,
                "websockets_enabled": false,
                "windows_fx_version": ""
              }
            ],
            "site_credential": [
              {
                "password": "z0hbAosBqHANjPm2baWjYSoNzDCFEDR73iF2d7hyGlwJAmkqiznMsCHAetdo",
                "username": "$appserv-chai-3"
              }
            ],
            "source_control": [
              {
                "branch": "master",
                "repo_url": ""
              }
            ],
            "storage_account": [],
            "tags": {
              "aa-app-id": "188020",
              "aa-application": "sais",
              "aa-costcenter": "0900/1894",
              "aa-sdlc-environment": "nonprod",
              "aa-security": "reserved",
              "aa-vertical": "aot"
            },
            "timeouts": null
          },
          "private": "eyJlMmJmYjczMC1lY2FhLTExZTYtOGY4OC0zNDM2M2JjN2M0YzAiOnsiY3JlYXRlIjoxODAwMDAwMDAwMDAwLCJkZWxldGUiOjE4MDAwMDAwMDAwMDAsInJlYWQiOjMwMDAwMDAwMDAwMCwidXBkYXRlIjoxODAwMDAwMDAwMDAwfX0=",
          "dependencies": [
            "module.appservice-mod.azurerm_app_service_plan.appsrvplan"
          ]
        }
      ]
    },
    {
      "module": "module.appservice-mod",
      "mode": "managed",
      "type": "azurerm_app_service_plan",
      "name": "appsrvplan",
      "each": "list",
      "provider": "provider.azurerm",
      "instances": [
        {
          "index_key": 0,
          "schema_version": 0,
          "attributes": {
            "app_service_environment_id": "",
            "id": "/subscriptions/0de836dc-fea8-4805-b578-5d70b530d15e/resourceGroups/aa-aot-sais-nonprod-eastus-rg/providers/Microsoft.Web/serverfarms/appserv-chai-plan",
            "is_xenon": false,
            "kind": "linux",
            "location": "eastus",
            "maximum_elastic_worker_count": 1,
            "maximum_number_of_workers": 10,
            "name": "appserv-chai-plan",
            "per_site_scaling": false,
            "reserved": true,
            "resource_group_name": "aa-aot-sais-nonprod-eastus-rg",
            "sku": [
              {
                "capacity": 1,
                "size": "S1",
                "tier": "Standard"
              }
            ],
            "tags": {
              "aa-app-id": "188020",
              "aa-application": "sais",
              "aa-costcenter": "0900/1894",
              "aa-sdlc-environment": "nonprod",
              "aa-security": "reserved",
              "aa-vertical": "aot"
            },
            "timeouts": null
          },
          "private": "eyJlMmJmYjczMC1lY2FhLTExZTYtOGY4OC0zNDM2M2JjN2M0YzAiOnsiY3JlYXRlIjozNjAwMDAwMDAwMDAwLCJkZWxldGUiOjM2MDAwMDAwMDAwMDAsInJlYWQiOjMwMDAwMDAwMDAwMCwidXBkYXRlIjozNjAwMDAwMDAwMDAwfX0="
        }
      ]
    },
    {
      "module": "module.appservice-mod",
      "mode": "managed",
      "type": "azurerm_app_service_slot",
      "name": "appservice_slot",
      "each": "map",
      "provider": "provider.azurerm",
      "instances": []
    },
    {
      "module": "module.appservice-mod",
      "mode": "managed",
      "type": "azurerm_key_vault_access_policy",
      "name": "azaccesspolicy",
      "each": "list",
      "provider": "provider.azurerm",
      "instances": []
    }
  ]
}
