{
  "version": 4,
  "terraform_version": "0.12.21",
  "serial": 1,
  "lineage": "82e99e54-97a0-5345-3c3f-ae22ebbdd547",
  "outputs": {},
  "resources": [
    {
      "module": "module.storage_account-mod",
      "mode": "data",
      "type": "azurerm_resource_group",
      "name": "rg_info",
      "each": "list",
      "provider": "provider.azurerm",
      "instances": [
        {
          "index_key": 0,
          "schema_version": 0,
          "attributes": {
            "id": "/subscriptions/0de836dc-fea8-4805-b578-5d70b530d15e/resourceGroups/aa-aot-sais-nonprod-eastus-rg",
            "location": "eastus",
            "name": "aa-aot-sais-nonprod-eastus-rg",
            "tags": {
              "aa-app-id": "188020",
              "aa-application": "sais",
              "aa-costcenter": "0900/1894",
              "aa-location": "eastus",
              "aa-sdlc-environment": "nonprod",
              "aa-security": "reserved",
              "aa-vertical": "aot"
            },
            "timeouts": null
          }
        }
      ]
    },
    {
      "module": "module.storage_account-mod",
      "mode": "managed",
      "type": "azurerm_storage_account",
      "name": "azstorageacc",
      "each": "list",
      "provider": "provider.azurerm",
      "instances": [
        {
          "index_key": 0,
          "schema_version": 2,
          "attributes": {
            "access_tier": "Hot",
            "account_kind": "StorageV2",
            "account_replication_type": "GRS",
            "account_tier": "Standard",
            "blob_properties": [],
            "custom_domain": [],
            "enable_https_traffic_only": true,
            "id": "/subscriptions/0de836dc-fea8-4805-b578-5d70b530d15e/resourceGroups/aa-aot-sais-nonprod-eastus-rg/providers/Microsoft.Storage/storageAccounts/demochaisa2",
            "identity": [
              {
                "principal_id": "aa4f98ad-2c99-4d98-854c-fe85920be1b8",
                "tenant_id": "49793faf-eb3f-4d99-a0cf-aef7cce79dc1",
                "type": "SystemAssigned"
              }
            ],
            "is_hns_enabled": false,
            "location": "eastus",
            "name": "demochaisa2",
            "network_rules": [
              {
                "bypass": [
                  "AzureServices"
                ],
                "default_action": "Allow",
                "ip_rules": [],
                "virtual_network_subnet_ids": []
              }
            ],
            "primary_access_key": "n6dcBzdH8dyZW0S3IWmj5mQIFiUuowWnI6HrxblvVJmOWV6EDEekTcUcwEHeYzPr2P2dUXjKddxaxHsMZP6qpg==",
            "primary_blob_connection_string": "DefaultEndpointsProtocol=https;BlobEndpoint=https://demochaisa2.blob.core.windows.net/;AccountName=demochaisa2;AccountKey=n6dcBzdH8dyZW0S3IWmj5mQIFiUuowWnI6HrxblvVJmOWV6EDEekTcUcwEHeYzPr2P2dUXjKddxaxHsMZP6qpg==",
            "primary_blob_endpoint": "https://demochaisa2.blob.core.windows.net/",
            "primary_blob_host": "demochaisa2.blob.core.windows.net",
            "primary_connection_string": "DefaultEndpointsProtocol=https;AccountName=demochaisa2;AccountKey=n6dcBzdH8dyZW0S3IWmj5mQIFiUuowWnI6HrxblvVJmOWV6EDEekTcUcwEHeYzPr2P2dUXjKddxaxHsMZP6qpg==;EndpointSuffix=core.windows.net",
            "primary_dfs_endpoint": "https://demochaisa2.dfs.core.windows.net/",
            "primary_dfs_host": "demochaisa2.dfs.core.windows.net",
            "primary_file_endpoint": "https://demochaisa2.file.core.windows.net/",
            "primary_file_host": "demochaisa2.file.core.windows.net",
            "primary_location": "eastus",
            "primary_queue_endpoint": "https://demochaisa2.queue.core.windows.net/",
            "primary_queue_host": "demochaisa2.queue.core.windows.net",
            "primary_table_endpoint": "https://demochaisa2.table.core.windows.net/",
            "primary_table_host": "demochaisa2.table.core.windows.net",
            "primary_web_endpoint": "https://demochaisa2.z13.web.core.windows.net/",
            "primary_web_host": "demochaisa2.z13.web.core.windows.net",
            "queue_properties": [
              {
                "cors_rule": [],
                "hour_metrics": [
                  {
                    "enabled": true,
                    "include_apis": true,
                    "retention_policy_days": 7,
                    "version": "1.0"
                  }
                ],
                "logging": [
                  {
                    "delete": false,
                    "read": false,
                    "retention_policy_days": 0,
                    "version": "1.0",
                    "write": false
                  }
                ],
                "minute_metrics": [
                  {
                    "enabled": false,
                    "include_apis": false,
                    "retention_policy_days": 0,
                    "version": "1.0"
                  }
                ]
              }
            ],
            "resource_group_name": "aa-aot-sais-nonprod-eastus-rg",
            "secondary_access_key": "9Z8Hy0Y83+rIxgbrWhZJ1ciB6kRQLzyl01pdYE6/4cfXiI3k1KR8lZff6rDFY57fSxXbdlnvtSyl0v3rpaa+zw==",
            "secondary_blob_connection_string": "",
            "secondary_blob_endpoint": null,
            "secondary_blob_host": null,
            "secondary_connection_string": "DefaultEndpointsProtocol=https;AccountName=demochaisa2;AccountKey=9Z8Hy0Y83+rIxgbrWhZJ1ciB6kRQLzyl01pdYE6/4cfXiI3k1KR8lZff6rDFY57fSxXbdlnvtSyl0v3rpaa+zw==;EndpointSuffix=core.windows.net",
            "secondary_dfs_endpoint": null,
            "secondary_dfs_host": null,
            "secondary_file_endpoint": null,
            "secondary_file_host": null,
            "secondary_location": "westus",
            "secondary_queue_endpoint": null,
            "secondary_queue_host": null,
            "secondary_table_endpoint": null,
            "secondary_table_host": null,
            "secondary_web_endpoint": null,
            "secondary_web_host": null,
            "static_website": [
              {
                "error_404_document": "error.html",
                "index_document": "index.html"
              }
            ],
            "tags": {
              "aa-app-id": "188020",
              "aa-application": "sais",
              "aa-costcenter": "0900/1894",
              "aa-sdlc-environment": "nonprod",
              "aa-security": "reserved",
              "aa-vertical": "aot"
            },
            "timeouts": null
          },
          "private": "eyJlMmJmYjczMC1lY2FhLTExZTYtOGY4OC0zNDM2M2JjN2M0YzAiOnsiY3JlYXRlIjozNjAwMDAwMDAwMDAwLCJkZWxldGUiOjM2MDAwMDAwMDAwMDAsInJlYWQiOjMwMDAwMDAwMDAwMCwidXBkYXRlIjozNjAwMDAwMDAwMDAwfSwic2NoZW1hX3ZlcnNpb24iOiIyIn0="
        }
      ]
    },
    {
      "module": "module.storage_account-mod",
      "mode": "managed",
      "type": "azurerm_storage_container",
      "name": "storagecontainer",
      "each": "map",
      "provider": "provider.azurerm",
      "instances": []
    }
  ]
}
